hash: d6ce27e3ad134fd4160eb30f370017f52b02ea997b32fad99a05bae6aa4922e0
updated: 2019-04-07T20:40:57.200472-04:00
imports:
- name: github.com/stretchr/testify
  version: ffdc059bfe9ce6a4e144ba849dbedead332c6053
- name: github.com/urfave/cli
  version: cfb38830724cc34fedffe9a2a29fb54fa9169cd1
testImports: []
